
Microsoft Visual Studio Solution File, Format Version 12.00
# Visual Studio Version 17
VisualStudioVersion = 17.3.32929.385
MinimumVisualStudioVersion = 10.0.40219.1
Project("{D954291E-2A0B-460D-934E-DC6B0785DB48}") = "demo.Shared", "demo.Shared\demo.Shared.shproj", "{6279C845-92F8-4333-AB99-3D213163593C}"
EndProject
Project("{2150E333-8FDC-42A3-9474-1A3956D46DE8}") = "Platforms", "Platforms", "{CB61A724-FED3-43BB-B25E-FBA6B78750C1}"
EndProject
Project("{FAE04EC0-301F-11D3-BF4B-00C04F79EFBC}") = "demo.Wasm", "demo.Wasm\demo.Wasm.csproj", "{66D19FE2-8A7C-4760-BA3C-86F7235F0354}"
EndProject
Project("{FAE04EC0-301F-11D3-BF4B-00C04F79EFBC}") = "demo.Mobile", "demo.Mobile\demo.Mobile.csproj", "{D44761DF-2CF8-448E-A42A-F8B976F76C45}"
EndProject
Project("{FAE04EC0-301F-11D3-BF4B-00C04F79EFBC}") = "demo.Skia.Gtk", "demo.Skia.Gtk\demo.Skia.Gtk.csproj", "{C0FBFF52-D9D1-40A9-90A2-74A368458712}"
EndProject
Project("{FAE04EC0-301F-11D3-BF4B-00C04F79EFBC}") = "demo.Windows", "demo.Windows\demo.Windows.csproj", "{A1E998B4-41A8-4694-83D5-ECFBE99A5643}"
EndProject
Global
	GlobalSection(SolutionConfigurationPlatforms) = preSolution
		Debug|Any CPU = Debug|Any CPU
		Debug|arm64 = Debug|arm64
		Debug|x64 = Debug|x64
		Debug|x86 = Debug|x86
		Release|Any CPU = Release|Any CPU
		Release|arm64 = Release|arm64
		Release|x64 = Release|x64
		Release|x86 = Release|x86
	EndGlobalSection
	GlobalSection(ProjectConfigurationPlatforms) = postSolution
		{66D19FE2-8A7C-4760-BA3C-86F7235F0354}.Debug|Any CPU.ActiveCfg = Debug|Any CPU
		{66D19FE2-8A7C-4760-BA3C-86F7235F0354}.Debug|Any CPU.Build.0 = Debug|Any CPU
		{66D19FE2-8A7C-4760-BA3C-86F7235F0354}.Debug|arm64.ActiveCfg = Debug|Any CPU
		{66D19FE2-8A7C-4760-BA3C-86F7235F0354}.Debug|arm64.Build.0 = Debug|Any CPU
		{66D19FE2-8A7C-4760-BA3C-86F7235F0354}.Debug|x64.ActiveCfg = Debug|Any CPU
		{66D19FE2-8A7C-4760-BA3C-86F7235F0354}.Debug|x64.Build.0 = Debug|Any CPU
		{66D19FE2-8A7C-4760-BA3C-86F7235F0354}.Debug|x86.ActiveCfg = Debug|Any CPU
		{66D19FE2-8A7C-4760-BA3C-86F7235F0354}.Debug|x86.Build.0 = Debug|Any CPU
		{66D19FE2-8A7C-4760-BA3C-86F7235F0354}.Release|Any CPU.ActiveCfg = Release|Any CPU
		{66D19FE2-8A7C-4760-BA3C-86F7235F0354}.Release|Any CPU.Build.0 = Release|Any CPU
		{66D19FE2-8A7C-4760-BA3C-86F7235F0354}.Release|arm64.ActiveCfg = Release|Any CPU
		{66D19FE2-8A7C-4760-BA3C-86F7235F0354}.Release|arm64.Build.0 = Release|Any CPU
		{66D19FE2-8A7C-4760-BA3C-86F7235F0354}.Release|x64.ActiveCfg = Release|Any CPU
		{66D19FE2-8A7C-4760-BA3C-86F7235F0354}.Release|x64.Build.0 = Release|Any CPU
		{66D19FE2-8A7C-4760-BA3C-86F7235F0354}.Release|x86.ActiveCfg = Release|Any CPU
		{66D19FE2-8A7C-4760-BA3C-86F7235F0354}.Release|x86.Build.0 = Release|Any CPU
		{D44761DF-2CF8-448E-A42A-F8B976F76C45}.Debug|Any CPU.ActiveCfg = Debug|Any CPU
		{D44761DF-2CF8-448E-A42A-F8B976F76C45}.Debug|Any CPU.Build.0 = Debug|Any CPU
		{D44761DF-2CF8-448E-A42A-F8B976F76C45}.Debug|Any CPU.Deploy.0 = Debug|Any CPU
		{D44761DF-2CF8-448E-A42A-F8B976F76C45}.Debug|arm64.ActiveCfg = Debug|Any CPU
		{D44761DF-2CF8-448E-A42A-F8B976F76C45}.Debug|arm64.Build.0 = Debug|Any CPU
		{D44761DF-2CF8-448E-A42A-F8B976F76C45}.Debug|arm64.Deploy.0 = Debug|Any CPU
		{D44761DF-2CF8-448E-A42A-F8B976F76C45}.Debug|x64.ActiveCfg = Debug|Any CPU
		{D44761DF-2CF8-448E-A42A-F8B976F76C45}.Debug|x64.Build.0 = Debug|Any CPU
		{D44761DF-2CF8-448E-A42A-F8B976F76C45}.Debug|x64.Deploy.0 = Debug|Any CPU
		{D44761DF-2CF8-448E-A42A-F8B976F76C45}.Debug|x86.ActiveCfg = Debug|Any CPU
		{D44761DF-2CF8-448E-A42A-F8B976F76C45}.Debug|x86.Build.0 = Debug|Any CPU
		{D44761DF-2CF8-448E-A42A-F8B976F76C45}.Debug|x86.Deploy.0 = Debug|Any CPU
		{D44761DF-2CF8-448E-A42A-F8B976F76C45}.Release|Any CPU.ActiveCfg = Release|Any CPU
		{D44761DF-2CF8-448E-A42A-F8B976F76C45}.Release|Any CPU.Build.0 = Release|Any CPU
		{D44761DF-2CF8-448E-A42A-F8B976F76C45}.Release|Any CPU.Deploy.0 = Release|Any CPU
		{D44761DF-2CF8-448E-A42A-F8B976F76C45}.Release|arm64.ActiveCfg = Release|Any CPU
		{D44761DF-2CF8-448E-A42A-F8B976F76C45}.Release|arm64.Build.0 = Release|Any CPU
		{D44761DF-2CF8-448E-A42A-F8B976F76C45}.Release|arm64.Deploy.0 = Release|Any CPU
		{D44761DF-2CF8-448E-A42A-F8B976F76C45}.Release|x64.ActiveCfg = Release|Any CPU
		{D44761DF-2CF8-448E-A42A-F8B976F76C45}.Release|x64.Build.0 = Release|Any CPU
		{D44761DF-2CF8-448E-A42A-F8B976F76C45}.Release|x64.Deploy.0 = Release|Any CPU
		{D44761DF-2CF8-448E-A42A-F8B976F76C45}.Release|x86.ActiveCfg = Release|Any CPU
		{D44761DF-2CF8-448E-A42A-F8B976F76C45}.Release|x86.Build.0 = Release|Any CPU
		{D44761DF-2CF8-448E-A42A-F8B976F76C45}.Release|x86.Deploy.0 = Release|Any CPU
		{C0FBFF52-D9D1-40A9-90A2-74A368458712}.Debug|Any CPU.ActiveCfg = Debug|Any CPU
		{C0FBFF52-D9D1-40A9-90A2-74A368458712}.Debug|Any CPU.Build.0 = Debug|Any CPU
		{C0FBFF52-D9D1-40A9-90A2-74A368458712}.Debug|arm64.ActiveCfg = Debug|Any CPU
		{C0FBFF52-D9D1-40A9-90A2-74A368458712}.Debug|arm64.Build.0 = Debug|Any CPU
		{C0FBFF52-D9D1-40A9-90A2-74A368458712}.Debug|x64.ActiveCfg = Debug|Any CPU
		{C0FBFF52-D9D1-40A9-90A2-74A368458712}.Debug|x64.Build.0 = Debug|Any CPU
		{C0FBFF52-D9D1-40A9-90A2-74A368458712}.Debug|x86.ActiveCfg = Debug|Any CPU
		{C0FBFF52-D9D1-40A9-90A2-74A368458712}.Debug|x86.Build.0 = Debug|Any CPU
		{C0FBFF52-D9D1-40A9-90A2-74A368458712}.Release|Any CPU.ActiveCfg = Release|Any CPU
		{C0FBFF52-D9D1-40A9-90A2-74A368458712}.Release|Any CPU.Build.0 = Release|Any CPU
		{C0FBFF52-D9D1-40A9-90A2-74A368458712}.Release|arm64.ActiveCfg = Release|Any CPU
		{C0FBFF52-D9D1-40A9-90A2-74A368458712}.Release|arm64.Build.0 = Release|Any CPU
		{C0FBFF52-D9D1-40A9-90A2-74A368458712}.Release|x64.ActiveCfg = Release|Any CPU
		{C0FBFF52-D9D1-40A9-90A2-74A368458712}.Release|x64.Build.0 = Release|Any CPU
		{C0FBFF52-D9D1-40A9-90A2-74A368458712}.Release|x86.ActiveCfg = Release|Any CPU
		{C0FBFF52-D9D1-40A9-90A2-74A368458712}.Release|x86.Build.0 = Release|Any CPU
		{A1E998B4-41A8-4694-83D5-ECFBE99A5643}.Debug|Any CPU.ActiveCfg = Debug|x64
		{A1E998B4-41A8-4694-83D5-ECFBE99A5643}.Debug|Any CPU.Build.0 = Debug|x64
		{A1E998B4-41A8-4694-83D5-ECFBE99A5643}.Debug|Any CPU.Deploy.0 = Debug|x64
		{A1E998B4-41A8-4694-83D5-ECFBE99A5643}.Debug|arm64.ActiveCfg = Debug|arm64
		{A1E998B4-41A8-4694-83D5-ECFBE99A5643}.Debug|arm64.Build.0 = Debug|arm64
		{A1E998B4-41A8-4694-83D5-ECFBE99A5643}.Debug|arm64.Deploy.0 = Debug|arm64
		{A1E998B4-41A8-4694-83D5-ECFBE99A5643}.Debug|x64.ActiveCfg = Debug|x64
		{A1E998B4-41A8-4694-83D5-ECFBE99A5643}.Debug|x64.Build.0 = Debug|x64
		{A1E998B4-41A8-4694-83D5-ECFBE99A5643}.Debug|x64.Deploy.0 = Debug|x64
		{A1E998B4-41A8-4694-83D5-ECFBE99A5643}.Debug|x86.ActiveCfg = Debug|x86
		{A1E998B4-41A8-4694-83D5-ECFBE99A5643}.Debug|x86.Build.0 = Debug|x86
		{A1E998B4-41A8-4694-83D5-ECFBE99A5643}.Debug|x86.Deploy.0 = Debug|x86
		{A1E998B4-41A8-4694-83D5-ECFBE99A5643}.Release|Any CPU.ActiveCfg = Release|x64
		{A1E998B4-41A8-4694-83D5-ECFBE99A5643}.Release|Any CPU.Build.0 = Release|x64
		{A1E998B4-41A8-4694-83D5-ECFBE99A5643}.Release|Any CPU.Deploy.0 = Release|x64
		{A1E998B4-41A8-4694-83D5-ECFBE99A5643}.Release|arm64.ActiveCfg = Release|arm64
		{A1E998B4-41A8-4694-83D5-ECFBE99A5643}.Release|arm64.Build.0 = Release|arm64
		{A1E998B4-41A8-4694-83D5-ECFBE99A5643}.Release|arm64.Deploy.0 = Release|arm64
		{A1E998B4-41A8-4694-83D5-ECFBE99A5643}.Release|x64.ActiveCfg = Release|x64
		{A1E998B4-41A8-4694-83D5-ECFBE99A5643}.Release|x64.Build.0 = Release|x64
		{A1E998B4-41A8-4694-83D5-ECFBE99A5643}.Release|x64.Deploy.0 = Release|x64
		{A1E998B4-41A8-4694-83D5-ECFBE99A5643}.Release|x86.ActiveCfg = Release|x86
		{A1E998B4-41A8-4694-83D5-ECFBE99A5643}.Release|x86.Build.0 = Release|x86
		{A1E998B4-41A8-4694-83D5-ECFBE99A5643}.Release|x86.Deploy.0 = Release|x86
	EndGlobalSection
	GlobalSection(SolutionProperties) = preSolution
		HideSolutionNode = FALSE
	EndGlobalSection
	GlobalSection(NestedProjects) = preSolution
		{66D19FE2-8A7C-4760-BA3C-86F7235F0354} = {CB61A724-FED3-43BB-B25E-FBA6B78750C1}
		{D44761DF-2CF8-448E-A42A-F8B976F76C45} = {CB61A724-FED3-43BB-B25E-FBA6B78750C1}
		{C0FBFF52-D9D1-40A9-90A2-74A368458712} = {CB61A724-FED3-43BB-B25E-FBA6B78750C1}
		{A1E998B4-41A8-4694-83D5-ECFBE99A5643} = {CB61A724-FED3-43BB-B25E-FBA6B78750C1}
	EndGlobalSection
	GlobalSection(ExtensibilityGlobals) = postSolution
		SolutionGuid = {30749229-7425-4C29-B4F2-B0880986B953}
	EndGlobalSection
	GlobalSection(SharedMSBuildProjectFiles) = preSolution
		demo.Shared\demo.Shared.projitems*{6279c845-92f8-4333-ab99-3d213163593c}*SharedItemsImports = 13
		demo.Shared\demo.Shared.projitems*{66d19fe2-8a7c-4760-ba3c-86f7235f0354}*SharedItemsImports = 5
		demo.Shared\demo.Shared.projitems*{a1e998b4-41a8-4694-83d5-ecfbe99a5643}*SharedItemsImports = 5
		demo.Shared\demo.Shared.projitems*{c0fbff52-d9d1-40a9-90a2-74a368458712}*SharedItemsImports = 5
		demo.Shared\demo.Shared.projitems*{d44761df-2cf8-448e-a42a-f8b976f76c45}*SharedItemsImports = 5
	EndGlobalSection
EndGlobal
